
Microsoft Visual Studio Solution File, Format Version 12.00
# Visual Studio Version 16
VisualStudioVersion = 16.0.30611.23
MinimumVisualStudioVersion = 10.0.40219.1
Project("{9A19103F-16F7-4668-BE54-9A1E7A4F7556}") = "TypescriptRCL", "TypescriptRCL\TypescriptRCL.csproj", "{8148668C-54B8-4A97-8799-1C3D5ACBD224}"
EndProject
Project("{FAE04EC0-301F-11D3-BF4B-00C04F79EFBC}") = "BlazorApp", "BlazorApp\BlazorApp.csproj", "{2954B0D5-2957-438B-9E3A-D56C42C9B239}"
EndProject
Global
	GlobalSection(SolutionConfigurationPlatforms) = preSolution
		Debug|Any CPU = Debug|Any CPU
		Release|Any CPU = Release|Any CPU
	EndGlobalSection
	GlobalSection(ProjectConfigurationPlatforms) = postSolution
		{8148668C-54B8-4A97-8799-1C3D5ACBD224}.Debug|Any CPU.ActiveCfg = Debug|Any CPU
		{8148668C-54B8-4A97-8799-1C3D5ACBD224}.Debug|Any CPU.Build.0 = Debug|Any CPU
		{8148668C-54B8-4A97-8799-1C3D5ACBD224}.Release|Any CPU.ActiveCfg = Release|Any CPU
		{8148668C-54B8-4A97-8799-1C3D5ACBD224}.Release|Any CPU.Build.0 = Release|Any CPU
		{2954B0D5-2957-438B-9E3A-D56C42C9B239}.Debug|Any CPU.ActiveCfg = Debug|Any CPU
		{2954B0D5-2957-438B-9E3A-D56C42C9B239}.Debug|Any CPU.Build.0 = Debug|Any CPU
		{2954B0D5-2957-438B-9E3A-D56C42C9B239}.Release|Any CPU.ActiveCfg = Release|Any CPU
		{2954B0D5-2957-438B-9E3A-D56C42C9B239}.Release|Any CPU.Build.0 = Release|Any CPU
	EndGlobalSection
	GlobalSection(SolutionProperties) = preSolution
		HideSolutionNode = FALSE
	EndGlobalSection
	GlobalSection(ExtensibilityGlobals) = postSolution
		SolutionGuid = {10E97218-39E8-44EF-92B6-86DD0A36CBA6}
	EndGlobalSection
EndGlobal
