
Microsoft Visual Studio Solution File, Format Version 12.00
# Visual Studio Version 16
VisualStudioVersion = 16.0.31515.178
MinimumVisualStudioVersion = 10.0.40219.1
Project("{FAE04EC0-301F-11D3-BF4B-00C04F79EFBC}") = "Sol_Demo", "Sol_Demo\Sol_Demo.csproj", "{C8DA3566-DB6C-484E-BA56-770B81E1D4C0}"
EndProject
Global
	GlobalSection(SolutionConfigurationPlatforms) = preSolution
		Debug|Any CPU = Debug|Any CPU
		Release|Any CPU = Release|Any CPU
	EndGlobalSection
	GlobalSection(ProjectConfigurationPlatforms) = postSolution
		{C8DA3566-DB6C-484E-BA56-770B81E1D4C0}.Debug|Any CPU.ActiveCfg = Debug|Any CPU
		{C8DA3566-DB6C-484E-BA56-770B81E1D4C0}.Debug|Any CPU.Build.0 = Debug|Any CPU
		{C8DA3566-DB6C-484E-BA56-770B81E1D4C0}.Release|Any CPU.ActiveCfg = Release|Any CPU
		{C8DA3566-DB6C-484E-BA56-770B81E1D4C0}.Release|Any CPU.Build.0 = Release|Any CPU
	EndGlobalSection
	GlobalSection(SolutionProperties) = preSolution
		HideSolutionNode = FALSE
	EndGlobalSection
	GlobalSection(ExtensibilityGlobals) = postSolution
		SolutionGuid = {D669F1F8-1481-41C0-9484-32703D9706B2}
	EndGlobalSection
EndGlobal
